Microsoft Visual Studio Solution File, Format Version 11.00
# Visual Studio 2010
Project("{FAE04EC0-301F-11D3-BF4B-00C04F79EFBC}") = "Assembly-CSharp-firstpass", "Assembly-CSharp-firstpass.csproj", "{D08F9C75-8D48-F041-22B3-889D2860CAE3}"
EndProject
Project("{FAE04EC0-301F-11D3-BF4B-00C04F79EFBC}") = "Assembly-CSharp", "Assembly-CSharp.csproj", "{2122A970-4AC3-E601-1DBB-07D0BAF12BEB}"
EndProject
Project("{FAE04EC0-301F-11D3-BF4B-00C04F79EFBC}") = "Sirenix.OdinInspector.CompatibilityLayer", "Sirenix.OdinInspector.CompatibilityLayer.csproj", "{F80E90A6-E140-B2CD-EA59-EF36699A38E4}"
EndProject
Project("{FAE04EC0-301F-11D3-BF4B-00C04F79EFBC}") = "Sirenix.OdinInspector.CompatibilityLayer.Editor", "Sirenix.OdinInspector.CompatibilityLayer.Editor.csproj", "{3E6911C6-214B-3F54-9661-821C2E84A18D}"
EndProject
Project("{FAE04EC0-301F-11D3-BF4B-00C04F79EFBC}") = "Assembly-CSharp-Editor-firstpass", "Assembly-CSharp-Editor-firstpass.csproj", "{D62228B1-90D9-F8B4-41C4-3507226A7613}"
EndProject
Project("{FAE04EC0-301F-11D3-BF4B-00C04F79EFBC}") = "Assembly-CSharp-Editor", "Assembly-CSharp-Editor.csproj", "{39D9F3D0-5B75-C13C-7E10-90E99A9060A4}"
EndProject
Global
	GlobalSection(SolutionConfigurationPlatforms) = preSolution
		Debug|Any CPU = Debug|Any CPU
		Release|Any CPU = Release|Any CPU
	EndGlobalSection
	GlobalSection(ProjectConfigurationPlatforms) = postSolution
		{D08F9C75-8D48-F041-22B3-889D2860CAE3}.Debug|Any CPU.ActiveCfg = Debug|Any CPU
		{D08F9C75-8D48-F041-22B3-889D2860CAE3}.Debug|Any CPU.Build.0 = Debug|Any CPU
		{D08F9C75-8D48-F041-22B3-889D2860CAE3}.Release|Any CPU.ActiveCfg = Release|Any CPU
		{D08F9C75-8D48-F041-22B3-889D2860CAE3}.Release|Any CPU.Build.0 = Release|Any CPU
		{2122A970-4AC3-E601-1DBB-07D0BAF12BEB}.Debug|Any CPU.ActiveCfg = Debug|Any CPU
		{2122A970-4AC3-E601-1DBB-07D0BAF12BEB}.Debug|Any CPU.Build.0 = Debug|Any CPU
		{2122A970-4AC3-E601-1DBB-07D0BAF12BEB}.Release|Any CPU.ActiveCfg = Release|Any CPU
		{2122A970-4AC3-E601-1DBB-07D0BAF12BEB}.Release|Any CPU.Build.0 = Release|Any CPU
		{F80E90A6-E140-B2CD-EA59-EF36699A38E4}.Debug|Any CPU.ActiveCfg = Debug|Any CPU
		{F80E90A6-E140-B2CD-EA59-EF36699A38E4}.Debug|Any CPU.Build.0 = Debug|Any CPU
		{F80E90A6-E140-B2CD-EA59-EF36699A38E4}.Release|Any CPU.ActiveCfg = Release|Any CPU
		{F80E90A6-E140-B2CD-EA59-EF36699A38E4}.Release|Any CPU.Build.0 = Release|Any CPU
		{3E6911C6-214B-3F54-9661-821C2E84A18D}.Debug|Any CPU.ActiveCfg = Debug|Any CPU
		{3E6911C6-214B-3F54-9661-821C2E84A18D}.Debug|Any CPU.Build.0 = Debug|Any CPU
		{3E6911C6-214B-3F54-9661-821C2E84A18D}.Release|Any CPU.ActiveCfg = Release|Any CPU
		{3E6911C6-214B-3F54-9661-821C2E84A18D}.Release|Any CPU.Build.0 = Release|Any CPU
		{D62228B1-90D9-F8B4-41C4-3507226A7613}.Debug|Any CPU.ActiveCfg = Debug|Any CPU
		{D62228B1-90D9-F8B4-41C4-3507226A7613}.Debug|Any CPU.Build.0 = Debug|Any CPU
		{D62228B1-90D9-F8B4-41C4-3507226A7613}.Release|Any CPU.ActiveCfg = Release|Any CPU
		{D62228B1-90D9-F8B4-41C4-3507226A7613}.Release|Any CPU.Build.0 = Release|Any CPU
		{39D9F3D0-5B75-C13C-7E10-90E99A9060A4}.Debug|Any CPU.ActiveCfg = Debug|Any CPU
		{39D9F3D0-5B75-C13C-7E10-90E99A9060A4}.Debug|Any CPU.Build.0 = Debug|Any CPU
		{39D9F3D0-5B75-C13C-7E10-90E99A9060A4}.Release|Any CPU.ActiveCfg = Release|Any CPU
		{39D9F3D0-5B75-C13C-7E10-90E99A9060A4}.Release|Any CPU.Build.0 = Release|Any CPU
	EndGlobalSection
	GlobalSection(SolutionProperties) = preSolution
		HideSolutionNode = FALSE
	EndGlobalSection
EndGlobal
